{
  "originHash" : "644aa4bc3ee94af0c151fb22619d1476792ad09857ea6234e2931e14bc4391b1",
  "pins" : [
    {
      "identity" : "gamepantry",
      "kind" : "remoteSourceControl",
      "location" : "https://github.com/Vinncz/GamePantry.git",
      "state" : {
        "revision" : "0417310ef7a7e52b35fb097b2cdd4a27704d34fa",
        "version" : "0.2.5"
      }
    }
  ],
  "version" : 3
}
